
Microsoft Visual Studio Solution File, Format Version 12.00
Project("{FAE04EC0-301F-11D3-BF4B-00C04F79EFBC}") = "4_Filter", "4_Filter.csproj", "{05E4B327-31F9-4B8F-934F-4C05D9891BD9}"
EndProject
Global
	GlobalSection(SolutionConfigurationPlatforms) = preSolution
		Debug|Any CPU = Debug|Any CPU
		Release|Any CPU = Release|Any CPU
	EndGlobalSection
	GlobalSection(ProjectConfigurationPlatforms) = postSolution
		{05E4B327-31F9-4B8F-934F-4C05D9891BD9}.Debug|Any CPU.ActiveCfg = Debug|Any CPU
		{05E4B327-31F9-4B8F-934F-4C05D9891BD9}.Debug|Any CPU.Build.0 = Debug|Any CPU
		{05E4B327-31F9-4B8F-934F-4C05D9891BD9}.Release|Any CPU.ActiveCfg = Release|Any CPU
		{05E4B327-31F9-4B8F-934F-4C05D9891BD9}.Release|Any CPU.Build.0 = Release|Any CPU
	EndGlobalSection
EndGlobal
