
Microsoft Visual Studio Solution File, Format Version 12.00
# Visual Studio Version 17
VisualStudioVersion = 17.10.35122.118
MinimumVisualStudioVersion = 10.0.40219.1
Project("{9A19103F-16F7-4668-BE54-9A1E7A4F7556}") = "Application", "Application\Application.csproj", "{3D072569-C93C-495C-A871-50DAE90C5C4D}"
EndProject
Project("{9A19103F-16F7-4668-BE54-9A1E7A4F7556}") = "Domain", "Repository\Domain.csproj", "{B31AE538-DEC1-41C4-B627-92D51D0F61CC}"
EndProject
Project("{9A19103F-16F7-4668-BE54-9A1E7A4F7556}") = "Infrastructure", "Infrastructure\Infrastructure.csproj", "{B9BB2F3E-1FB1-4710-BF9B-F1C5D8BFA034}"
	ProjectSection(ProjectDependencies) = postProject
		{B31AE538-DEC1-41C4-B627-92D51D0F61CC} = {B31AE538-DEC1-41C4-B627-92D51D0F61CC}
	EndProjectSection
EndProject
Project("{9A19103F-16F7-4668-BE54-9A1E7A4F7556}") = "WebApi", "WebApi\WebApi.csproj", "{BA1A0227-D58D-4A1F-A3EC-D8C80A1902EA}"
EndProject
Project("{9A19103F-16F7-4668-BE54-9A1E7A4F7556}") = "TodoList_Blazor.Client", "TodoList_Blazor\src\TodoList_Blazor.Client\TodoList_Blazor.Client.csproj", "{DFB2450C-1CBF-4369-A03C-3620C2185ADF}"
EndProject
Project("{9A19103F-16F7-4668-BE54-9A1E7A4F7556}") = "TodoList_Blazor", "TodoList_Blazor\src\TodoList_Blazor\TodoList_Blazor.csproj", "{6727125D-22DF-468E-BA03-2819CAF68F4C}"
EndProject
Global
	GlobalSection(SolutionConfigurationPlatforms) = preSolution
		Debug|Any CPU = Debug|Any CPU
		Release|Any CPU = Release|Any CPU
	EndGlobalSection
	GlobalSection(ProjectConfigurationPlatforms) = postSolution
		{3D072569-C93C-495C-A871-50DAE90C5C4D}.Debug|Any CPU.ActiveCfg = Debug|Any CPU
		{3D072569-C93C-495C-A871-50DAE90C5C4D}.Debug|Any CPU.Build.0 = Debug|Any CPU
		{3D072569-C93C-495C-A871-50DAE90C5C4D}.Release|Any CPU.ActiveCfg = Release|Any CPU
		{3D072569-C93C-495C-A871-50DAE90C5C4D}.Release|Any CPU.Build.0 = Release|Any CPU
		{B31AE538-DEC1-41C4-B627-92D51D0F61CC}.Debug|Any CPU.ActiveCfg = Debug|Any CPU
		{B31AE538-DEC1-41C4-B627-92D51D0F61CC}.Debug|Any CPU.Build.0 = Debug|Any CPU
		{B31AE538-DEC1-41C4-B627-92D51D0F61CC}.Release|Any CPU.ActiveCfg = Release|Any CPU
		{B31AE538-DEC1-41C4-B627-92D51D0F61CC}.Release|Any CPU.Build.0 = Release|Any CPU
		{B9BB2F3E-1FB1-4710-BF9B-F1C5D8BFA034}.Debug|Any CPU.ActiveCfg = Debug|Any CPU
		{B9BB2F3E-1FB1-4710-BF9B-F1C5D8BFA034}.Debug|Any CPU.Build.0 = Debug|Any CPU
		{B9BB2F3E-1FB1-4710-BF9B-F1C5D8BFA034}.Release|Any CPU.ActiveCfg = Release|Any CPU
		{B9BB2F3E-1FB1-4710-BF9B-F1C5D8BFA034}.Release|Any CPU.Build.0 = Release|Any CPU
		{BA1A0227-D58D-4A1F-A3EC-D8C80A1902EA}.Debug|Any CPU.ActiveCfg = Debug|Any CPU
		{BA1A0227-D58D-4A1F-A3EC-D8C80A1902EA}.Debug|Any CPU.Build.0 = Debug|Any CPU
		{BA1A0227-D58D-4A1F-A3EC-D8C80A1902EA}.Release|Any CPU.ActiveCfg = Release|Any CPU
		{BA1A0227-D58D-4A1F-A3EC-D8C80A1902EA}.Release|Any CPU.Build.0 = Release|Any CPU
		{DFB2450C-1CBF-4369-A03C-3620C2185ADF}.Debug|Any CPU.ActiveCfg = Debug|Any CPU
		{DFB2450C-1CBF-4369-A03C-3620C2185ADF}.Debug|Any CPU.Build.0 = Debug|Any CPU
		{DFB2450C-1CBF-4369-A03C-3620C2185ADF}.Release|Any CPU.ActiveCfg = Release|Any CPU
		{DFB2450C-1CBF-4369-A03C-3620C2185ADF}.Release|Any CPU.Build.0 = Release|Any CPU
		{6727125D-22DF-468E-BA03-2819CAF68F4C}.Debug|Any CPU.ActiveCfg = Debug|Any CPU
		{6727125D-22DF-468E-BA03-2819CAF68F4C}.Debug|Any CPU.Build.0 = Debug|Any CPU
		{6727125D-22DF-468E-BA03-2819CAF68F4C}.Release|Any CPU.ActiveCfg = Release|Any CPU
		{6727125D-22DF-468E-BA03-2819CAF68F4C}.Release|Any CPU.Build.0 = Release|Any CPU
	EndGlobalSection
	GlobalSection(SolutionProperties) = preSolution
		HideSolutionNode = FALSE
	EndGlobalSection
	GlobalSection(ExtensibilityGlobals) = postSolution
		SolutionGuid = {EDF3ACC1-DEA1-406F-A124-B4009930FAAE}
	EndGlobalSection
EndGlobal
