
Microsoft Visual Studio Solution File, Format Version 12.00
# Visual Studio Version 17
VisualStudioVersion = 17.7.34031.279
MinimumVisualStudioVersion = 10.0.40219.1
Project("{FAE04EC0-301F-11D3-BF4B-00C04F79EFBC}") = "DotNet Core", "DotNet Core.csproj", "{653DA114-081D-43E7-AEAD-40BB1C72DE12}"
EndProject
Global
	GlobalSection(SolutionConfigurationPlatforms) = preSolution
		Debug|Any CPU = Debug|Any CPU
		Release|Any CPU = Release|Any CPU
	EndGlobalSection
	GlobalSection(ProjectConfigurationPlatforms) = postSolution
		{653DA114-081D-43E7-AEAD-40BB1C72DE12}.Debug|Any CPU.ActiveCfg = Debug|Any CPU
		{653DA114-081D-43E7-AEAD-40BB1C72DE12}.Debug|Any CPU.Build.0 = Debug|Any CPU
		{653DA114-081D-43E7-AEAD-40BB1C72DE12}.Release|Any CPU.ActiveCfg = Release|Any CPU
		{653DA114-081D-43E7-AEAD-40BB1C72DE12}.Release|Any CPU.Build.0 = Release|Any CPU
	EndGlobalSection
	GlobalSection(SolutionProperties) = preSolution
		HideSolutionNode = FALSE
	EndGlobalSection
	GlobalSection(ExtensibilityGlobals) = postSolution
		SolutionGuid = {9B969CCE-FD72-450D-98AD-C1AEFA41610C}
	EndGlobalSection
EndGlobal
