
Microsoft Visual Studio Solution File, Format Version 12.00
Project("{FAE04EC0-301F-11D3-BF4B-00C04F79EFBC}") = "7_JWT", "7_JWT.csproj", "{8766041D-7D37-4F43-9961-4D9D798380A3}"
EndProject
Global
	GlobalSection(SolutionConfigurationPlatforms) = preSolution
		Debug|Any CPU = Debug|Any CPU
		Release|Any CPU = Release|Any CPU
	EndGlobalSection
	GlobalSection(ProjectConfigurationPlatforms) = postSolution
		{8766041D-7D37-4F43-9961-4D9D798380A3}.Debug|Any CPU.ActiveCfg = Debug|Any CPU
		{8766041D-7D37-4F43-9961-4D9D798380A3}.Debug|Any CPU.Build.0 = Debug|Any CPU
		{8766041D-7D37-4F43-9961-4D9D798380A3}.Release|Any CPU.ActiveCfg = Release|Any CPU
		{8766041D-7D37-4F43-9961-4D9D798380A3}.Release|Any CPU.Build.0 = Release|Any CPU
	EndGlobalSection
EndGlobal
