
Microsoft Visual Studio Solution File, Format Version 12.00
Project("{FAE04EC0-301F-11D3-BF4B-00C04F79EFBC}") = "5_Middleware", "5_Middleware.csproj", "{31C6FF7F-CAD8-41A4-99E6-35AE6C5763D0}"
EndProject
Global
	GlobalSection(SolutionConfigurationPlatforms) = preSolution
		Debug|Any CPU = Debug|Any CPU
		Release|Any CPU = Release|Any CPU
	EndGlobalSection
	GlobalSection(ProjectConfigurationPlatforms) = postSolution
		{31C6FF7F-CAD8-41A4-99E6-35AE6C5763D0}.Debug|Any CPU.ActiveCfg = Debug|Any CPU
		{31C6FF7F-CAD8-41A4-99E6-35AE6C5763D0}.Debug|Any CPU.Build.0 = Debug|Any CPU
		{31C6FF7F-CAD8-41A4-99E6-35AE6C5763D0}.Release|Any CPU.ActiveCfg = Release|Any CPU
		{31C6FF7F-CAD8-41A4-99E6-35AE6C5763D0}.Release|Any CPU.Build.0 = Release|Any CPU
	EndGlobalSection
EndGlobal
