
Microsoft Visual Studio Solution File, Format Version 12.00
Project("{FAE04EC0-301F-11D3-BF4B-00C04F79EFBC}") = "EFCoreLayering", "EFCoreLayering.csproj", "{0BD252A7-F522-4969-9CAA-43BCDDE6F057}"
EndProject
Project("{FAE04EC0-301F-11D3-BF4B-00C04F79EFBC}") = "EFCoreBooks", "EFCoreBooks\EFCoreBooks.csproj", "{B2D5EEE7-21E5-46E8-895E-699D899C3581}"
EndProject
Global
	GlobalSection(SolutionConfigurationPlatforms) = preSolution
		Debug|Any CPU = Debug|Any CPU
		Release|Any CPU = Release|Any CPU
	EndGlobalSection
	GlobalSection(ProjectConfigurationPlatforms) = postSolution
		{0BD252A7-F522-4969-9CAA-43BCDDE6F057}.Debug|Any CPU.ActiveCfg = Debug|Any CPU
		{0BD252A7-F522-4969-9CAA-43BCDDE6F057}.Debug|Any CPU.Build.0 = Debug|Any CPU
		{0BD252A7-F522-4969-9CAA-43BCDDE6F057}.Release|Any CPU.ActiveCfg = Release|Any CPU
		{0BD252A7-F522-4969-9CAA-43BCDDE6F057}.Release|Any CPU.Build.0 = Release|Any CPU
		{B2D5EEE7-21E5-46E8-895E-699D899C3581}.Debug|Any CPU.ActiveCfg = Debug|Any CPU
		{B2D5EEE7-21E5-46E8-895E-699D899C3581}.Debug|Any CPU.Build.0 = Debug|Any CPU
		{B2D5EEE7-21E5-46E8-895E-699D899C3581}.Release|Any CPU.ActiveCfg = Release|Any CPU
		{B2D5EEE7-21E5-46E8-895E-699D899C3581}.Release|Any CPU.Build.0 = Release|Any CPU
	EndGlobalSection
EndGlobal
